
Microsoft Visual Studio Solution File, Format Version 12.00
# Visual Studio Version 16
VisualStudioVersion = 16.0.32901.82
MinimumVisualStudioVersion = 10.0.40219.1
Project("{FAE04EC0-301F-11D3-BF4B-00C04F79EFBC}") = "Knigi", "Knigi\Knigi.csproj", "{F003089F-054C-425C-8A77-D3B490359634}"
EndProject
Global
	GlobalSection(SolutionConfigurationPlatforms) = preSolution
		Debug|Any CPU = Debug|Any CPU
		Release|Any CPU = Release|Any CPU
	EndGlobalSection
	GlobalSection(ProjectConfigurationPlatforms) = postSolution
		{F003089F-054C-425C-8A77-D3B490359634}.Debug|Any CPU.ActiveCfg = Debug|Any CPU
		{F003089F-054C-425C-8A77-D3B490359634}.Debug|Any CPU.Build.0 = Debug|Any CPU
		{F003089F-054C-425C-8A77-D3B490359634}.Release|Any CPU.ActiveCfg = Release|Any CPU
		{F003089F-054C-425C-8A77-D3B490359634}.Release|Any CPU.Build.0 = Release|Any CPU
	EndGlobalSection
	GlobalSection(SolutionProperties) = preSolution
		HideSolutionNode = FALSE
	EndGlobalSection
	GlobalSection(ExtensibilityGlobals) = postSolution
		SolutionGuid = {853D5DB0-08FD-4283-8373-59E9582CADC4}
	EndGlobalSection
EndGlobal
